
Microsoft Visual Studio Solution File, Format Version 12.00
# Visual Studio 15
VisualStudioVersion = 15.0.28307.421
MinimumVisualStudioVersion = 10.0.40219.1
Project("{FAE04EC0-301F-11D3-BF4B-00C04F79EFBC}") = "AudicaModInstaller", "AudicaModInstaller\AudicaModInstaller.csproj", "{87A07778-2EA2-4DC5-9066-29743C841B1A}"
EndProject
Global
	GlobalSection(SolutionConfigurationPlatforms) = preSolution
		Debug|Any CPU = Debug|Any CPU
		Release|Any CPU = Release|Any CPU
	EndGlobalSection
	GlobalSection(ProjectConfigurationPlatforms) = postSolution
		{87A07778-2EA2-4DC5-9066-29743C841B1A}.Debug|Any CPU.ActiveCfg = Debug|Any CPU
		{87A07778-2EA2-4DC5-9066-29743C841B1A}.Debug|Any CPU.Build.0 = Debug|Any CPU
		{87A07778-2EA2-4DC5-9066-29743C841B1A}.Release|Any CPU.ActiveCfg = Release|Any CPU
		{87A07778-2EA2-4DC5-9066-29743C841B1A}.Release|Any CPU.Build.0 = Release|Any CPU
	EndGlobalSection
	GlobalSection(SolutionProperties) = preSolution
		HideSolutionNode = FALSE
	EndGlobalSection
	GlobalSection(ExtensibilityGlobals) = postSolution
		SolutionGuid = {81909763-5080-44AC-BB0D-DF4569C6C563}
	EndGlobalSection
EndGlobal
